
Microsoft Visual Studio Solution File, Format Version 12.00
# Visual Studio Version 17
VisualStudioVersion = 17.1.32210.238
MinimumVisualStudioVersion = 10.0.40219.1
Project("{FAE04EC0-301F-11D3-BF4B-00C04F79EFBC}") = "CompilerProject3", "CompilerProject3.csproj", "{744227DD-32C1-48AE-AFBA-00635712DED0}"
EndProject
Global
	GlobalSection(SolutionConfigurationPlatforms) = preSolution
		Debug|Any CPU = Debug|Any CPU
		Release|Any CPU = Release|Any CPU
	EndGlobalSection
	GlobalSection(ProjectConfigurationPlatforms) = postSolution
		{744227DD-32C1-48AE-AFBA-00635712DED0}.Debug|Any CPU.ActiveCfg = Debug|Any CPU
		{744227DD-32C1-48AE-AFBA-00635712DED0}.Debug|Any CPU.Build.0 = Debug|Any CPU
		{744227DD-32C1-48AE-AFBA-00635712DED0}.Release|Any CPU.ActiveCfg = Release|Any CPU
		{744227DD-32C1-48AE-AFBA-00635712DED0}.Release|Any CPU.Build.0 = Release|Any CPU
	EndGlobalSection
	GlobalSection(SolutionProperties) = preSolution
		HideSolutionNode = FALSE
	EndGlobalSection
	GlobalSection(ExtensibilityGlobals) = postSolution
		SolutionGuid = {23CA0AEC-2376-42B2-B533-BD70B2C90FDB}
	EndGlobalSection
EndGlobal
